PODS:
  - SendBirdSDK (3.0.184)
  - SendBirdUIKit (1.0.9):
    - SendBirdSDK (~> 3.0.182)

DEPENDENCIES:
  - SendBirdUIKit

SPEC REPOS:
  trunk:
    - SendBirdSDK
    - SendBirdUIKit

SPEC CHECKSUMS:
  SendBirdSDK: ea51496a0d3982d15c17136b05ce60e049b23ac1
  SendBirdUIKit: 248bcfea87cbbaf25d4798ed861556bc91ec9741

PODFILE CHECKSUM: 6436f50483c298e6f77715c12523ed1e8fe8c286

COCOAPODS: 1.9.3
